
Microsoft Visual Studio Solution File, Format Version 12.00
# Visual Studio Version 17
VisualStudioVersion = 17.9.34622.214
MinimumVisualStudioVersion = 10.0.40219.1
Project("{8BC9CEB8-8B4A-11D0-8D11-00A0C91BC942}") = "P1", "P1.vcxproj", "{36773876-06EE-4643-A33B-E3E7EA94E07E}"
EndProject
Global
	GlobalSection(SolutionConfigurationPlatforms) = preSolution
		Debug|x64 = Debug|x64
		Debug|x86 = Debug|x86
		Release|x64 = Release|x64
		Release|x86 = Release|x86
	EndGlobalSection
	GlobalSection(ProjectConfigurationPlatforms) = postSolution
		{36773876-06EE-4643-A33B-E3E7EA94E07E}.Debug|x64.ActiveCfg = Debug|x64
		{36773876-06EE-4643-A33B-E3E7EA94E07E}.Debug|x64.Build.0 = Debug|x64
		{36773876-06EE-4643-A33B-E3E7EA94E07E}.Debug|x86.ActiveCfg = Debug|Win32
		{36773876-06EE-4643-A33B-E3E7EA94E07E}.Debug|x86.Build.0 = Debug|Win32
		{36773876-06EE-4643-A33B-E3E7EA94E07E}.Release|x64.ActiveCfg = Release|x64
		{36773876-06EE-4643-A33B-E3E7EA94E07E}.Release|x64.Build.0 = Release|x64
		{36773876-06EE-4643-A33B-E3E7EA94E07E}.Release|x86.ActiveCfg = Release|Win32
		{36773876-06EE-4643-A33B-E3E7EA94E07E}.Release|x86.Build.0 = Release|Win32
	EndGlobalSection
	GlobalSection(SolutionProperties) = preSolution
		HideSolutionNode = FALSE
	EndGlobalSection
	GlobalSection(ExtensibilityGlobals) = postSolution
		SolutionGuid = {BE58A3DC-CE32-41BA-95C7-34118C8A5606}
	EndGlobalSection
EndGlobal
